
Microsoft Visual Studio Solution File, Format Version 12.00
# Visual Studio Version 16
VisualStudioVersion = 16.0.31129.286
MinimumVisualStudioVersion = 10.0.40219.1
Project("{FAE04EC0-301F-11D3-BF4B-00C04F79EFBC}") = "ManagerCoffeApplication", "ManagerCoffeApplication.csproj", "{F7CC75A2-0D4F-4E56-8B68-80F14381A075}"
EndProject
Global
	GlobalSection(SolutionConfigurationPlatforms) = preSolution
		Debug|Any CPU = Debug|Any CPU
		Release|Any CPU = Release|Any CPU
	EndGlobalSection
	GlobalSection(ProjectConfigurationPlatforms) = postSolution
		{F7CC75A2-0D4F-4E56-8B68-80F14381A075}.Debug|Any CPU.ActiveCfg = Debug|Any CPU
		{F7CC75A2-0D4F-4E56-8B68-80F14381A075}.Debug|Any CPU.Build.0 = Debug|Any CPU
		{F7CC75A2-0D4F-4E56-8B68-80F14381A075}.Release|Any CPU.ActiveCfg = Release|Any CPU
		{F7CC75A2-0D4F-4E56-8B68-80F14381A075}.Release|Any CPU.Build.0 = Release|Any CPU
	EndGlobalSection
	GlobalSection(SolutionProperties) = preSolution
		HideSolutionNode = FALSE
	EndGlobalSection
	GlobalSection(ExtensibilityGlobals) = postSolution
		SolutionGuid = {041A692B-ECE0-4311-8FBA-800D14C42B4C}
	EndGlobalSection
EndGlobal
